
Microsoft Visual Studio Solution File, Format Version 12.00
# Visual Studio Version 16
VisualStudioVersion = 16.0.29230.47
MinimumVisualStudioVersion = 10.0.40219.1
Project("{8BC9CEB8-8B4A-11D0-8D11-00A0C91BC942}") = "bai1", "bai1\bai1.vcxproj", "{145CF174-3C1E-4647-B370-E5A035757773}"
EndProject
Project("{8BC9CEB8-8B4A-11D0-8D11-00A0C91BC942}") = "bai2", "bai2\bai2.vcxproj", "{8F361422-07FD-4274-80E2-3FAA2762DB11}"
EndProject
Global
	GlobalSection(SolutionConfigurationPlatforms) = preSolution
		Debug|x64 = Debug|x64
		Debug|x86 = Debug|x86
		Release|x64 = Release|x64
		Release|x86 = Release|x86
	EndGlobalSection
	GlobalSection(ProjectConfigurationPlatforms) = postSolution
		{145CF174-3C1E-4647-B370-E5A035757773}.Debug|x64.ActiveCfg = Debug|x64
		{145CF174-3C1E-4647-B370-E5A035757773}.Debug|x64.Build.0 = Debug|x64
		{145CF174-3C1E-4647-B370-E5A035757773}.Debug|x86.ActiveCfg = Debug|Win32
		{145CF174-3C1E-4647-B370-E5A035757773}.Debug|x86.Build.0 = Debug|Win32
		{145CF174-3C1E-4647-B370-E5A035757773}.Release|x64.ActiveCfg = Release|x64
		{145CF174-3C1E-4647-B370-E5A035757773}.Release|x64.Build.0 = Release|x64
		{145CF174-3C1E-4647-B370-E5A035757773}.Release|x86.ActiveCfg = Release|Win32
		{145CF174-3C1E-4647-B370-E5A035757773}.Release|x86.Build.0 = Release|Win32
		{8F361422-07FD-4274-80E2-3FAA2762DB11}.Debug|x64.ActiveCfg = Debug|x64
		{8F361422-07FD-4274-80E2-3FAA2762DB11}.Debug|x64.Build.0 = Debug|x64
		{8F361422-07FD-4274-80E2-3FAA2762DB11}.Debug|x86.ActiveCfg = Debug|Win32
		{8F361422-07FD-4274-80E2-3FAA2762DB11}.Debug|x86.Build.0 = Debug|Win32
		{8F361422-07FD-4274-80E2-3FAA2762DB11}.Release|x64.ActiveCfg = Release|x64
		{8F361422-07FD-4274-80E2-3FAA2762DB11}.Release|x64.Build.0 = Release|x64
		{8F361422-07FD-4274-80E2-3FAA2762DB11}.Release|x86.ActiveCfg = Release|Win32
		{8F361422-07FD-4274-80E2-3FAA2762DB11}.Release|x86.Build.0 = Release|Win32
	EndGlobalSection
	GlobalSection(SolutionProperties) = preSolution
		HideSolutionNode = FALSE
	EndGlobalSection
	GlobalSection(ExtensibilityGlobals) = postSolution
		SolutionGuid = {370E66D6-0DB8-4F3D-9DB9-9AD5E863767E}
	EndGlobalSection
EndGlobal
