
Microsoft Visual Studio Solution File, Format Version 12.00
# Visual Studio Version 16
VisualStudioVersion = 16.0.29230.47
MinimumVisualStudioVersion = 10.0.40219.1
Project("{8BC9CEB8-8B4A-11D0-8D11-00A0C91BC942}") = "bai1", "Chuong3.vcxproj", "{12E3463F-96B6-48B6-90DE-54BE4A3F7224}"
EndProject
Project("{8BC9CEB8-8B4A-11D0-8D11-00A0C91BC942}") = "bai2", "bai2\bai2.vcxproj", "{739D0875-B6A6-4043-857A-E2627F9B517F}"
EndProject
Project("{8BC9CEB8-8B4A-11D0-8D11-00A0C91BC942}") = "bai3", "bai3\bai3.vcxproj", "{A6AD0DEE-B09F-4700-AAC5-9CDF562ABAF2}"
EndProject
Project("{8BC9CEB8-8B4A-11D0-8D11-00A0C91BC942}") = "bai4", "bai4\bai4.vcxproj", "{7C00D109-D2DC-4F29-8248-27EE8C265D0F}"
EndProject
Project("{8BC9CEB8-8B4A-11D0-8D11-00A0C91BC942}") = "bai5", "bai5\bai5.vcxproj", "{B633E625-607D-4BA6-BB35-965D525A6F5E}"
EndProject
Project("{8BC9CEB8-8B4A-11D0-8D11-00A0C91BC942}") = "bai6", "bai6\bai6.vcxproj", "{160B83C5-DBD2-414E-9762-708C87ED84B1}"
EndProject
Project("{8BC9CEB8-8B4A-11D0-8D11-00A0C91BC942}") = "bai7", "bai7\bai7.vcxproj", "{378F8E75-0BEC-46D9-9DC0-0FA24F8F6284}"
EndProject
Project("{8BC9CEB8-8B4A-11D0-8D11-00A0C91BC942}") = "bai8", "bai8\bai8.vcxproj", "{3FC7569A-C519-4816-82DE-04F403356EF5}"
EndProject
Project("{8BC9CEB8-8B4A-11D0-8D11-00A0C91BC942}") = "bai9", "bai9\bai9.vcxproj", "{4F2B5F79-FF39-4A78-910F-804A37711548}"
EndProject
Project("{8BC9CEB8-8B4A-11D0-8D11-00A0C91BC942}") = "bai10", "bai10\bai10.vcxproj", "{F8A10CE5-85D1-4CFD-AFB7-3E07EBCDE870}"
EndProject
Project("{8BC9CEB8-8B4A-11D0-8D11-00A0C91BC942}") = "bai11", "bai11\bai11.vcxproj", "{66E4981B-1681-4D7C-9E45-ADAC7D1FB739}"
EndProject
Project("{8BC9CEB8-8B4A-11D0-8D11-00A0C91BC942}") = "bai12", "bai12\bai12.vcxproj", "{2DA02EE0-F7A1-4D3A-AFD6-572296CF563B}"
EndProject
Global
	GlobalSection(SolutionConfigurationPlatforms) = preSolution
		Debug|x64 = Debug|x64
		Debug|x86 = Debug|x86
		Release|x64 = Release|x64
		Release|x86 = Release|x86
	EndGlobalSection
	GlobalSection(ProjectConfigurationPlatforms) = postSolution
		{12E3463F-96B6-48B6-90DE-54BE4A3F7224}.Debug|x64.ActiveCfg = Debug|x64
		{12E3463F-96B6-48B6-90DE-54BE4A3F7224}.Debug|x64.Build.0 = Debug|x64
		{12E3463F-96B6-48B6-90DE-54BE4A3F7224}.Debug|x86.ActiveCfg = Debug|Win32
		{12E3463F-96B6-48B6-90DE-54BE4A3F7224}.Debug|x86.Build.0 = Debug|Win32
		{12E3463F-96B6-48B6-90DE-54BE4A3F7224}.Release|x64.ActiveCfg = Release|x64
		{12E3463F-96B6-48B6-90DE-54BE4A3F7224}.Release|x64.Build.0 = Release|x64
		{12E3463F-96B6-48B6-90DE-54BE4A3F7224}.Release|x86.ActiveCfg = Release|Win32
		{12E3463F-96B6-48B6-90DE-54BE4A3F7224}.Release|x86.Build.0 = Release|Win32
		{739D0875-B6A6-4043-857A-E2627F9B517F}.Debug|x64.ActiveCfg = Debug|x64
		{739D0875-B6A6-4043-857A-E2627F9B517F}.Debug|x64.Build.0 = Debug|x64
		{739D0875-B6A6-4043-857A-E2627F9B517F}.Debug|x86.ActiveCfg = Debug|Win32
		{739D0875-B6A6-4043-857A-E2627F9B517F}.Debug|x86.Build.0 = Debug|Win32
		{739D0875-B6A6-4043-857A-E2627F9B517F}.Release|x64.ActiveCfg = Release|x64
		{739D0875-B6A6-4043-857A-E2627F9B517F}.Release|x64.Build.0 = Release|x64
		{739D0875-B6A6-4043-857A-E2627F9B517F}.Release|x86.ActiveCfg = Release|Win32
		{739D0875-B6A6-4043-857A-E2627F9B517F}.Release|x86.Build.0 = Release|Win32
		{A6AD0DEE-B09F-4700-AAC5-9CDF562ABAF2}.Debug|x64.ActiveCfg = Debug|x64
		{A6AD0DEE-B09F-4700-AAC5-9CDF562ABAF2}.Debug|x64.Build.0 = Debug|x64
		{A6AD0DEE-B09F-4700-AAC5-9CDF562ABAF2}.Debug|x86.ActiveCfg = Debug|Win32
		{A6AD0DEE-B09F-4700-AAC5-9CDF562ABAF2}.Debug|x86.Build.0 = Debug|Win32
		{A6AD0DEE-B09F-4700-AAC5-9CDF562ABAF2}.Release|x64.ActiveCfg = Release|x64
		{A6AD0DEE-B09F-4700-AAC5-9CDF562ABAF2}.Release|x64.Build.0 = Release|x64
		{A6AD0DEE-B09F-4700-AAC5-9CDF562ABAF2}.Release|x86.ActiveCfg = Release|Win32
		{A6AD0DEE-B09F-4700-AAC5-9CDF562ABAF2}.Release|x86.Build.0 = Release|Win32
		{7C00D109-D2DC-4F29-8248-27EE8C265D0F}.Debug|x64.ActiveCfg = Debug|x64
		{7C00D109-D2DC-4F29-8248-27EE8C265D0F}.Debug|x64.Build.0 = Debug|x64
		{7C00D109-D2DC-4F29-8248-27EE8C265D0F}.Debug|x86.ActiveCfg = Debug|Win32
		{7C00D109-D2DC-4F29-8248-27EE8C265D0F}.Debug|x86.Build.0 = Debug|Win32
		{7C00D109-D2DC-4F29-8248-27EE8C265D0F}.Release|x64.ActiveCfg = Release|x64
		{7C00D109-D2DC-4F29-8248-27EE8C265D0F}.Release|x64.Build.0 = Release|x64
		{7C00D109-D2DC-4F29-8248-27EE8C265D0F}.Release|x86.ActiveCfg = Release|Win32
		{7C00D109-D2DC-4F29-8248-27EE8C265D0F}.Release|x86.Build.0 = Release|Win32
		{B633E625-607D-4BA6-BB35-965D525A6F5E}.Debug|x64.ActiveCfg = Debug|x64
		{B633E625-607D-4BA6-BB35-965D525A6F5E}.Debug|x64.Build.0 = Debug|x64
		{B633E625-607D-4BA6-BB35-965D525A6F5E}.Debug|x86.ActiveCfg = Debug|Win32
		{B633E625-607D-4BA6-BB35-965D525A6F5E}.Debug|x86.Build.0 = Debug|Win32
		{B633E625-607D-4BA6-BB35-965D525A6F5E}.Release|x64.ActiveCfg = Release|x64
		{B633E625-607D-4BA6-BB35-965D525A6F5E}.Release|x64.Build.0 = Release|x64
		{B633E625-607D-4BA6-BB35-965D525A6F5E}.Release|x86.ActiveCfg = Release|Win32
		{B633E625-607D-4BA6-BB35-965D525A6F5E}.Release|x86.Build.0 = Release|Win32
		{160B83C5-DBD2-414E-9762-708C87ED84B1}.Debug|x64.ActiveCfg = Debug|x64
		{160B83C5-DBD2-414E-9762-708C87ED84B1}.Debug|x64.Build.0 = Debug|x64
		{160B83C5-DBD2-414E-9762-708C87ED84B1}.Debug|x86.ActiveCfg = Debug|Win32
		{160B83C5-DBD2-414E-9762-708C87ED84B1}.Debug|x86.Build.0 = Debug|Win32
		{160B83C5-DBD2-414E-9762-708C87ED84B1}.Release|x64.ActiveCfg = Release|x64
		{160B83C5-DBD2-414E-9762-708C87ED84B1}.Release|x64.Build.0 = Release|x64
		{160B83C5-DBD2-414E-9762-708C87ED84B1}.Release|x86.ActiveCfg = Release|Win32
		{160B83C5-DBD2-414E-9762-708C87ED84B1}.Release|x86.Build.0 = Release|Win32
		{378F8E75-0BEC-46D9-9DC0-0FA24F8F6284}.Debug|x64.ActiveCfg = Debug|x64
		{378F8E75-0BEC-46D9-9DC0-0FA24F8F6284}.Debug|x64.Build.0 = Debug|x64
		{378F8E75-0BEC-46D9-9DC0-0FA24F8F6284}.Debug|x86.ActiveCfg = Debug|Win32
		{378F8E75-0BEC-46D9-9DC0-0FA24F8F6284}.Debug|x86.Build.0 = Debug|Win32
		{378F8E75-0BEC-46D9-9DC0-0FA24F8F6284}.Release|x64.ActiveCfg = Release|x64
		{378F8E75-0BEC-46D9-9DC0-0FA24F8F6284}.Release|x64.Build.0 = Release|x64
		{378F8E75-0BEC-46D9-9DC0-0FA24F8F6284}.Release|x86.ActiveCfg = Release|Win32
		{378F8E75-0BEC-46D9-9DC0-0FA24F8F6284}.Release|x86.Build.0 = Release|Win32
		{3FC7569A-C519-4816-82DE-04F403356EF5}.Debug|x64.ActiveCfg = Debug|x64
		{3FC7569A-C519-4816-82DE-04F403356EF5}.Debug|x64.Build.0 = Debug|x64
		{3FC7569A-C519-4816-82DE-04F403356EF5}.Debug|x86.ActiveCfg = Debug|Win32
		{3FC7569A-C519-4816-82DE-04F403356EF5}.Debug|x86.Build.0 = Debug|Win32
		{3FC7569A-C519-4816-82DE-04F403356EF5}.Release|x64.ActiveCfg = Release|x64
		{3FC7569A-C519-4816-82DE-04F403356EF5}.Release|x64.Build.0 = Release|x64
		{3FC7569A-C519-4816-82DE-04F403356EF5}.Release|x86.ActiveCfg = Release|Win32
		{3FC7569A-C519-4816-82DE-04F403356EF5}.Release|x86.Build.0 = Release|Win32
		{4F2B5F79-FF39-4A78-910F-804A37711548}.Debug|x64.ActiveCfg = Debug|x64
		{4F2B5F79-FF39-4A78-910F-804A37711548}.Debug|x64.Build.0 = Debug|x64
		{4F2B5F79-FF39-4A78-910F-804A37711548}.Debug|x86.ActiveCfg = Debug|Win32
		{4F2B5F79-FF39-4A78-910F-804A37711548}.Debug|x86.Build.0 = Debug|Win32
		{4F2B5F79-FF39-4A78-910F-804A37711548}.Release|x64.ActiveCfg = Release|x64
		{4F2B5F79-FF39-4A78-910F-804A37711548}.Release|x64.Build.0 = Release|x64
		{4F2B5F79-FF39-4A78-910F-804A37711548}.Release|x86.ActiveCfg = Release|Win32
		{4F2B5F79-FF39-4A78-910F-804A37711548}.Release|x86.Build.0 = Release|Win32
		{F8A10CE5-85D1-4CFD-AFB7-3E07EBCDE870}.Debug|x64.ActiveCfg = Debug|x64
		{F8A10CE5-85D1-4CFD-AFB7-3E07EBCDE870}.Debug|x64.Build.0 = Debug|x64
		{F8A10CE5-85D1-4CFD-AFB7-3E07EBCDE870}.Debug|x86.ActiveCfg = Debug|Win32
		{F8A10CE5-85D1-4CFD-AFB7-3E07EBCDE870}.Debug|x86.Build.0 = Debug|Win32
		{F8A10CE5-85D1-4CFD-AFB7-3E07EBCDE870}.Release|x64.ActiveCfg = Release|x64
		{F8A10CE5-85D1-4CFD-AFB7-3E07EBCDE870}.Release|x64.Build.0 = Release|x64
		{F8A10CE5-85D1-4CFD-AFB7-3E07EBCDE870}.Release|x86.ActiveCfg = Release|Win32
		{F8A10CE5-85D1-4CFD-AFB7-3E07EBCDE870}.Release|x86.Build.0 = Release|Win32
		{66E4981B-1681-4D7C-9E45-ADAC7D1FB739}.Debug|x64.ActiveCfg = Debug|x64
		{66E4981B-1681-4D7C-9E45-ADAC7D1FB739}.Debug|x64.Build.0 = Debug|x64
		{66E4981B-1681-4D7C-9E45-ADAC7D1FB739}.Debug|x86.ActiveCfg = Debug|Win32
		{66E4981B-1681-4D7C-9E45-ADAC7D1FB739}.Debug|x86.Build.0 = Debug|Win32
		{66E4981B-1681-4D7C-9E45-ADAC7D1FB739}.Release|x64.ActiveCfg = Release|x64
		{66E4981B-1681-4D7C-9E45-ADAC7D1FB739}.Release|x64.Build.0 = Release|x64
		{66E4981B-1681-4D7C-9E45-ADAC7D1FB739}.Release|x86.ActiveCfg = Release|Win32
		{66E4981B-1681-4D7C-9E45-ADAC7D1FB739}.Release|x86.Build.0 = Release|Win32
		{2DA02EE0-F7A1-4D3A-AFD6-572296CF563B}.Debug|x64.ActiveCfg = Debug|x64
		{2DA02EE0-F7A1-4D3A-AFD6-572296CF563B}.Debug|x64.Build.0 = Debug|x64
		{2DA02EE0-F7A1-4D3A-AFD6-572296CF563B}.Debug|x86.ActiveCfg = Debug|Win32
		{2DA02EE0-F7A1-4D3A-AFD6-572296CF563B}.Debug|x86.Build.0 = Debug|Win32
		{2DA02EE0-F7A1-4D3A-AFD6-572296CF563B}.Release|x64.ActiveCfg = Release|x64
		{2DA02EE0-F7A1-4D3A-AFD6-572296CF563B}.Release|x64.Build.0 = Release|x64
		{2DA02EE0-F7A1-4D3A-AFD6-572296CF563B}.Release|x86.ActiveCfg = Release|Win32
		{2DA02EE0-F7A1-4D3A-AFD6-572296CF563B}.Release|x86.Build.0 = Release|Win32
	EndGlobalSection
	GlobalSection(SolutionProperties) = preSolution
		HideSolutionNode = FALSE
	EndGlobalSection
	GlobalSection(ExtensibilityGlobals) = postSolution
		SolutionGuid = {DD8D0F66-8540-4A95-A27C-DC551773540A}
	EndGlobalSection
EndGlobal
